// !$*UTF8*$!
{
	archiveVersion = 1;
	classes = {
	};
	objectVersion = 50;
	objects = {

/* Begin PBXBuildFile section */
		91644DCA262C5831008AA17E /* .gitignore in Resources */ = {isa = PBXBuildFile; fileRef = 91644DC9262C5831008AA17E /* .gitignore */; };
		9183046A262B85AC009733FC /* CovidTrackerFranceApp.swift in Sources */ = {isa = PBXBuildFile; fileRef = 91830469262B85AC009733FC /* CovidTrackerFranceApp.swift */; };
		9183046C262B85AC009733FC /* ContentView.swift in Sources */ = {isa = PBXBuildFile; fileRef = 9183046B262B85AC009733FC /* ContentView.swift */; };
		9183046E262B85AD009733FC /* Assets.xcassets in Resources */ = {isa = PBXBuildFile; fileRef = 9183046D262B85AD009733FC /* Assets.xcassets */; };
		91830471262B85AD009733FC /* Preview Assets.xcassets in Resources */ = {isa = PBXBuildFile; fileRef = 91830470262B85AD009733FC /* Preview Assets.xcassets */; };
		9183047C262B85F6009733FC /* Stats.swift in Sources */ = {isa = PBXBuildFile; fileRef = 9183047B262B85F6009733FC /* Stats.swift */; };
		91E5227D262C49BD00630D6B /* StatsView.swift in Sources */ = {isa = PBXBuildFile; fileRef = 91E5227C262C49BD00630D6B /* StatsView.swift */; };
/* End PBXBuildFile section */

/* Begin PBXFileReference section */
		91644DC9262C5831008AA17E /* .gitignore */ = {isa = PBXFileReference; lastKnownFileType = text; path = .gitignore; sourceTree = "<group>"; };
		91830466262B85AC009733FC /* CovidTrackerFrance.app */ = {isa = PBXFileReference; explicitFileType = wrapper.application; includeInIndex = 0; path = CovidTrackerFrance.app; sourceTree = BUILT_PRODUCTS_DIR; };
		91830469262B85AC009733FC /* CovidTrackerFranceApp.swift */ = {isa = PBXFileReference; lastKnownFileType = sourcecode.swift; path = CovidTrackerFranceApp.swift; sourceTree = "<group>"; };
		9183046B262B85AC009733FC /* ContentView.swift */ = {isa = PBXFileReference; lastKnownFileType = sourcecode.swift; path = ContentView.swift; sourceTree = "<group>"; };
		9183046D262B85AD009733FC /* Assets.xcassets */ = {isa = PBXFileReference; lastKnownFileType = folder.assetcatalog; path = Assets.xcassets; sourceTree = "<group>"; };
		91830470262B85AD009733FC /* Preview Assets.xcassets */ = {isa = PBXFileReference; lastKnownFileType = folder.assetcatalog; path = "Preview Assets.xcassets"; sourceTree = "<group>"; };
		91830472262B85AD009733FC /* Info.plist */ = {isa = PBXFileReference; lastKnownFileType = text.plist.xml; path = Info.plist; sourceTree = "<group>"; };
		9183047B262B85F6009733FC /* Stats.swift */ = {isa = PBXFileReference; lastKnownFileType = sourcecode.swift; path = Stats.swift; sourceTree = "<group>"; };
		91E5227C262C49BD00630D6B /* StatsView.swift */ = {isa = PBXFileReference; lastKnownFileType = sourcecode.swift; path = StatsView.swift; sourceTree = "<group>"; };
/* End PBXFileReference section */

/* Begin PBXFrameworksBuildPhase section */
		91830463262B85AC009733FC /* Frameworks */ = {
			isa = PBXFrameworksBuildPhase;
			buildActionMask = 2147483647;
			files = (
			);
			runOnlyForDeploymentPostprocessing = 0;
		};
/* End PBXFrameworksBuildPhase section */

/* Begin PBXGroup section */
		9183045D262B85AB009733FC = {
			isa = PBXGroup;
			children = (
				91830468262B85AC009733FC /* CovidTrackerFrance */,
				91830467262B85AC009733FC /* Products */,
			);
			sourceTree = "<group>";
		};
		91830467262B85AC009733FC /* Products */ = {
			isa = PBXGroup;
			children = (
				91830466262B85AC009733FC /* CovidTrackerFrance.app */,
			);
			name = Products;
			sourceTree = "<group>";
		};
		91830468262B85AC009733FC /* CovidTrackerFrance */ = {
			isa = PBXGroup;
			children = (
				91830469262B85AC009733FC /* CovidTrackerFranceApp.swift */,
				91644DC9262C5831008AA17E /* .gitignore */,
				9183047A262B85D1009733FC /* View */,
				91830479262B85C3009733FC /* Model */,
				9183046D262B85AD009733FC /* Assets.xcassets */,
				91830472262B85AD009733FC /* Info.plist */,
				9183046F262B85AD009733FC /* Preview Content */,
			);
			path = CovidTrackerFrance;
			sourceTree = "<group>";
		};
		9183046F262B85AD009733FC /* Preview Content */ = {
			isa = PBXGroup;
			children = (
				91830470262B85AD009733FC /* Preview Assets.xcassets */,
			);
			path = "Preview Content";
			sourceTree = "<group>";
		};
		91830479262B85C3009733FC /* Model */ = {
			isa = PBXGroup;
			children = (
				9183047B262B85F6009733FC /* Stats.swift */,
			);
			path = Model;
			sourceTree = "<group>";
		};
		9183047A262B85D1009733FC /* View */ = {
			isa = PBXGroup;
			children = (
				9183046B262B85AC009733FC /* ContentView.swift */,
				91E5227C262C49BD00630D6B /* StatsView.swift */,
			);
			path = View;
			sourceTree = "<group>";
		};
/* End PBXGroup section */

/* Begin PBXNativeTarget section */
		91830465262B85AC009733FC /* CovidTrackerFrance */ = {
			isa = PBXNativeTarget;
			buildConfigurationList = 91830475262B85AD009733FC /* Build configuration list for PBXNativeTarget "CovidTrackerFrance" */;
			buildPhases = (
				91830462262B85AC009733FC /* Sources */,
				91830463262B85AC009733FC /* Frameworks */,
				91830464262B85AC009733FC /* Resources */,
			);
			buildRules = (
			);
			dependencies = (
			);
			name = CovidTrackerFrance;
			productName = CovidTrackerFrance;
			productReference = 91830466262B85AC009733FC /* CovidTrackerFrance.app */;
			productType = "com.apple.product-type.application";
		};
/* End PBXNativeTarget section */

/* Begin PBXProject section */
		9183045E262B85AB009733FC /* Project object */ = {
			isa = PBXProject;
			attributes = {
				LastSwiftUpdateCheck = 1240;
				LastUpgradeCheck = 1240;
				TargetAttributes = {
					91830465262B85AC009733FC = {
						CreatedOnToolsVersion = 12.4;
					};
				};
			};
			buildConfigurationList = 91830461262B85AB009733FC /* Build configuration list for PBXProject "CovidTrackerFrance" */;
			compatibilityVersion = "Xcode 9.3";
			developmentRegion = en;
			hasScannedForEncodings = 0;
			knownRegions = (
				en,
				Base,
			);
			mainGroup = 9183045D262B85AB009733FC;
			productRefGroup = 91830467262B85AC009733FC /* Products */;
			projectDirPath = "";
			projectRoot = "";
			targets = (
				91830465262B85AC009733FC /* CovidTrackerFrance */,
			);
		};
/* End PBXProject section */

/* Begin PBXResourcesBuildPhase section */
		91830464262B85AC009733FC /* Resources */ = {
			isa = PBXResourcesBuildPhase;
			buildActionMask = 2147483647;
			files = (
				91830471262B85AD009733FC /* Preview Assets.xcassets in Resources */,
				91644DCA262C5831008AA17E /* .gitignore in Resources */,
				9183046E262B85AD009733FC /* Assets.xcassets in Resources */,
			);
			runOnlyForDeploymentPostprocessing = 0;
		};
/* End PBXResourcesBuildPhase section */

/* Begin PBXSourcesBuildPhase section */
		91830462262B85AC009733FC /* Sources */ = {
			isa = PBXSourcesBuildPhase;
			buildActionMask = 2147483647;
			files = (
				91E5227D262C49BD00630D6B /* StatsView.swift in Sources */,
				9183046C262B85AC009733FC /* ContentView.swift in Sources */,
				9183047C262B85F6009733FC /* Stats.swift in Sources */,
				9183046A262B85AC009733FC /* CovidTrackerFranceApp.swift in Sources */,
			);
			runOnlyForDeploymentPostprocessing = 0;
		};
/* End PBXSourcesBuildPhase section */

/* Begin XCBuildConfiguration section */
		91830473262B85AD009733FC /* Debug */ = {
			isa = XCBuildConfiguration;
			buildSettings = {
				ALWAYS_SEARCH_USER_PATHS = NO;
				CLANG_ANALYZER_NONNULL = YES;
				CLANG_ANALYZER_NUMBER_OBJECT_CONVERSION = YES_AGGRESSIVE;
				CLANG_CXX_LANGUAGE_STANDARD = "gnu++14";
				CLANG_CXX_LIBRARY = "libc++";
				CLANG_ENABLE_MODULES = YES;
				CLANG_ENABLE_OBJC_ARC = YES;
				CLANG_ENABLE_OBJC_WEAK = YES;
				CLANG_WARN_BLOCK_CAPTURE_AUTORELEASING = YES;
				CLANG_WARN_BOOL_CONVERSION = YES;
				CLANG_WARN_COMMA = YES;
				CLANG_WARN_CONSTANT_CONVERSION = YES;
				CLANG_WARN_DEPRECATED_OBJC_IMPLEMENTATIONS = YES;
				CLANG_WARN_DIRECT_OBJC_ISA_USAGE = YES_ERROR;
				CLANG_WARN_DOCUMENTATION_COMMENTS = YES;
				CLANG_WARN_EMPTY_BODY = YES;
				CLANG_WARN_ENUM_CONVERSION = YES;
				CLANG_WARN_INFINITE_RECURSION = YES;
				CLANG_WARN_INT_CONVERSION = YES;
				CLANG_WARN_NON_LITERAL_NULL_CONVERSION = YES;
				CLANG_WARN_OBJC_IMPLICIT_RETAIN_SELF = YES;
				CLANG_WARN_OBJC_LITERAL_CONVERSION = YES;
				CLANG_WARN_OBJC_ROOT_CLASS = YES_ERROR;
				CLANG_WARN_QUOTED_INCLUDE_IN_FRAMEWORK_HEADER = YES;
				CLANG_WARN_RANGE_LOOP_ANALYSIS = YES;
				CLANG_WARN_STRICT_PROTOTYPES = YES;
				CLANG_WARN_SUSPICIOUS_MOVE = YES;
				CLANG_WARN_UNGUARDED_AVAILABILITY = YES_AGGRESSIVE;
				CLANG_WARN_UNREACHABLE_CODE = YES;
				CLANG_WARN__DUPLICATE_METHOD_MATCH = YES;
				COPY_PHASE_STRIP = NO;
				DEBUG_INFORMATION_FORMAT = dwarf;
				ENABLE_STRICT_OBJC_MSGSEND = YES;
				ENABLE_TESTABILITY = YES;
				GCC_C_LANGUAGE_STANDARD = gnu11;
				GCC_DYNAMIC_NO_PIC = NO;
				GCC_NO_COMMON_BLOCKS = YES;
				GCC_OPTIMIZATION_LEVEL = 0;
				GCC_PREPROCESSOR_DEFINITIONS = (
					"DEBUG=1",
					"$(inherited)",
				);
				GCC_WARN_64_TO_32_BIT_CONVERSION = YES;
				GCC_WARN_ABOUT_RETURN_TYPE = YES_ERROR;
				GCC_WARN_UNDECLARED_SELECTOR = YES;
				GCC_WARN_UNINITIALIZED_AUTOS = YES_AGGRESSIVE;
				GCC_WARN_UNUSED_FUNCTION = YES;
				GCC_WARN_UNUSED_VARIABLE = YES;
				IPHONEOS_DEPLOYMENT_TARGET = 14.4;
				MTL_ENABLE_DEBUG_INFO = INCLUDE_SOURCE;
				MTL_FAST_MATH = YES;
				ONLY_ACTIVE_ARCH = YES;
				SDKROOT = iphoneos;
				SWIFT_ACTIVE_COMPILATION_CONDITIONS = DEBUG;
				SWIFT_OPTIMIZATION_LEVEL = "-Onone";
			};
			name = Debug;
		};
		91830474262B85AD009733FC /* Release */ = {
			isa = XCBuildConfiguration;
			buildSettings = {
				ALWAYS_SEARCH_USER_PATHS = NO;
				CLANG_ANALYZER_NONNULL = YES;
				CLANG_ANALYZER_NUMBER_OBJECT_CONVERSION = YES_AGGRESSIVE;
				CLANG_CXX_LANGUAGE_STANDARD = "gnu++14";
				CLANG_CXX_LIBRARY = "libc++";
				CLANG_ENABLE_MODULES = YES;
				CLANG_ENABLE_OBJC_ARC = YES;
				CLANG_ENABLE_OBJC_WEAK = YES;
				CLANG_WARN_BLOCK_CAPTURE_AUTORELEASING = YES;
				CLANG_WARN_BOOL_CONVERSION = YES;
				CLANG_WARN_COMMA = YES;
				CLANG_WARN_CONSTANT_CONVERSION = YES;
				CLANG_WARN_DEPRECATED_OBJC_IMPLEMENTATIONS = YES;
				CLANG_WARN_DIRECT_OBJC_ISA_USAGE = YES_ERROR;
				CLANG_WARN_DOCUMENTATION_COMMENTS = YES;
				CLANG_WARN_EMPTY_BODY = YES;
				CLANG_WARN_ENUM_CONVERSION = YES;
				CLANG_WARN_INFINITE_RECURSION = YES;
				CLANG_WARN_INT_CONVERSION = YES;
				CLANG_WARN_NON_LITERAL_NULL_CONVERSION = YES;
				CLANG_WARN_OBJC_IMPLICIT_RETAIN_SELF = YES;
				CLANG_WARN_OBJC_LITERAL_CONVERSION = YES;
				CLANG_WARN_OBJC_ROOT_CLASS = YES_ERROR;
				CLANG_WARN_QUOTED_INCLUDE_IN_FRAMEWORK_HEADER = YES;
				CLANG_WARN_RANGE_LOOP_ANALYSIS = YES;
				CLANG_WARN_STRICT_PROTOTYPES = YES;
				CLANG_WARN_SUSPICIOUS_MOVE = YES;
				CLANG_WARN_UNGUARDED_AVAILABILITY = YES_AGGRESSIVE;
				CLANG_WARN_UNREACHABLE_CODE = YES;
				CLANG_WARN__DUPLICATE_METHOD_MATCH = YES;
				COPY_PHASE_STRIP = NO;
				DEBUG_INFORMATION_FORMAT = "dwarf-with-dsym";
				ENABLE_NS_ASSERTIONS = NO;
				ENABLE_STRICT_OBJC_MSGSEND = YES;
				GCC_C_LANGUAGE_STANDARD = gnu11;
				GCC_NO_COMMON_BLOCKS = YES;
				GCC_WARN_64_TO_32_BIT_CONVERSION = YES;
				GCC_WARN_ABOUT_RETURN_TYPE = YES_ERROR;
				GCC_WARN_UNDECLARED_SELECTOR = YES;
				GCC_WARN_UNINITIALIZED_AUTOS = YES_AGGRESSIVE;
				GCC_WARN_UNUSED_FUNCTION = YES;
				GCC_WARN_UNUSED_VARIABLE = YES;
				IPHONEOS_DEPLOYMENT_TARGET = 14.4;
				MTL_ENABLE_DEBUG_INFO = NO;
				MTL_FAST_MATH = YES;
				SDKROOT = iphoneos;
				SWIFT_COMPILATION_MODE = wholemodule;
				SWIFT_OPTIMIZATION_LEVEL = "-O";
				VALIDATE_PRODUCT = YES;
			};
			name = Release;
		};
		91830476262B85AD009733FC /* Debug */ = {
			isa = XCBuildConfiguration;
			buildSettings = {
				ASSETCATALOG_COMPILER_APPICON_NAME = AppIcon;
				ASSETCATALOG_COMPILER_GLOBAL_ACCENT_COLOR_NAME = AccentColor;
				CODE_SIGN_STYLE = Automatic;
				DEVELOPMENT_ASSET_PATHS = "\"CovidTrackerFrance/Preview Content\"";
				DEVELOPMENT_TEAM = 2JQP4MV635;
				ENABLE_PREVIEWS = YES;
				INFOPLIST_FILE = CovidTrackerFrance/Info.plist;
				IPHONEOS_DEPLOYMENT_TARGET = 14.0;
				LD_RUNPATH_SEARCH_PATHS = (
					"$(inherited)",
					"@executable_path/Frameworks",
				);
				PRODUCT_BUNDLE_IDENTIFIER = IlianeZedadra.CovidTrackerFrance;
				PRODUCT_NAME = "$(TARGET_NAME)";
				SWIFT_VERSION = 5.0;
				TARGETED_DEVICE_FAMILY = "1,2";
			};
			name = Debug;
		};
		91830477262B85AD009733FC /* Release */ = {
			isa = XCBuildConfiguration;
			buildSettings = {
				ASSETCATALOG_COMPILER_APPICON_NAME = AppIcon;
				ASSETCATALOG_COMPILER_GLOBAL_ACCENT_COLOR_NAME = AccentColor;
				CODE_SIGN_STYLE = Automatic;
				DEVELOPMENT_ASSET_PATHS = "\"CovidTrackerFrance/Preview Content\"";
				DEVELOPMENT_TEAM = 2JQP4MV635;
				ENABLE_PREVIEWS = YES;
				INFOPLIST_FILE = CovidTrackerFrance/Info.plist;
				IPHONEOS_DEPLOYMENT_TARGET = 14.0;
				LD_RUNPATH_SEARCH_PATHS = (
					"$(inherited)",
					"@executable_path/Frameworks",
				);
				PRODUCT_BUNDLE_IDENTIFIER = IlianeZedadra.CovidTrackerFrance;
				PRODUCT_NAME = "$(TARGET_NAME)";
				SWIFT_VERSION = 5.0;
				TARGETED_DEVICE_FAMILY = "1,2";
			};
			name = Release;
		};
/* End XCBuildConfiguration section */

/* Begin XCConfigurationList section */
		91830461262B85AB009733FC /* Build configuration list for PBXProject "CovidTrackerFrance" */ = {
			isa = XCConfigurationList;
			buildConfigurations = (
				91830473262B85AD009733FC /* Debug */,
				91830474262B85AD009733FC /* Release */,
			);
			defaultConfigurationIsVisible = 0;
			defaultConfigurationName = Release;
		};
		91830475262B85AD009733FC /* Build configuration list for PBXNativeTarget "CovidTrackerFrance" */ = {
			isa = XCConfigurationList;
			buildConfigurations = (
				91830476262B85AD009733FC /* Debug */,
				91830477262B85AD009733FC /* Release */,
			);
			defaultConfigurationIsVisible = 0;
			defaultConfigurationName = Release;
		};
/* End XCConfigurationList section */
	};
	rootObject = 9183045E262B85AB009733FC /* Project object */;
}
